
Microsoft Visual Studio Solution File, Format Version 12.00
# Visual Studio Version 16
VisualStudioVersion = 16.0.31112.23
MinimumVisualStudioVersion = 10.0.40219.1
Project("{FAE04EC0-301F-11D3-BF4B-00C04F79EFBC}") = "Xanadu-BRA-Compress", "Xanadu-BRA-Compress\Xanadu-BRA-Compress.csproj", "{70B7B322-4ED9-4090-93CA-4E051C1506B8}"
EndProject
Global
	GlobalSection(SolutionConfigurationPlatforms) = preSolution
		Debug|Any CPU = Debug|Any CPU
		Release|Any CPU = Release|Any CPU
	EndGlobalSection
	GlobalSection(ProjectConfigurationPlatforms) = postSolution
		{70B7B322-4ED9-4090-93CA-4E051C1506B8}.Debug|Any CPU.ActiveCfg = Debug|Any CPU
		{70B7B322-4ED9-4090-93CA-4E051C1506B8}.Debug|Any CPU.Build.0 = Debug|Any CPU
		{70B7B322-4ED9-4090-93CA-4E051C1506B8}.Release|Any CPU.ActiveCfg = Release|Any CPU
		{70B7B322-4ED9-4090-93CA-4E051C1506B8}.Release|Any CPU.Build.0 = Release|Any CPU
	EndGlobalSection
	GlobalSection(SolutionProperties) = preSolution
		HideSolutionNode = FALSE
	EndGlobalSection
	GlobalSection(ExtensibilityGlobals) = postSolution
		SolutionGuid = {E54A5F79-F273-42C9-A54D-931C9DBEF294}
	EndGlobalSection
EndGlobal
